
Microsoft Visual Studio Solution File, Format Version 11.00
# Visual Studio 2010
Project("{8BC9CEB8-8B4A-11D0-8D11-00A0C91BC942}") = "Hades-FindPattern", "Hades-FindPattern\Hades-FindPattern.vcxproj", "{81CED3BF-CE82-433D-9937-76504BDCA0A5}"
EndProject
Project("{8BC9CEB8-8B4A-11D0-8D11-00A0C91BC942}") = "Hades-Injector", "Hades-Injector\Hades-Injector.vcxproj", "{13047403-92F6-451A-84A4-93BE8ACC007F}"
EndProject
Project("{8BC9CEB8-8B4A-11D0-8D11-00A0C91BC942}") = "Hades-ManualMap", "Hades-ManualMap\Hades-ManualMap.vcxproj", "{E395F341-D76B-422A-A40B-D93EA3AAAB2E}"
EndProject
Project("{8BC9CEB8-8B4A-11D0-8D11-00A0C91BC942}") = "Hades-Disassembler", "Hades-Disassembler\Hades-Disassembler.vcxproj", "{9DF3FE04-DDFD-4576-950D-495077DED4FC}"
EndProject
Project("{8BC9CEB8-8B4A-11D0-8D11-00A0C91BC942}") = "Hades-Module", "Hades-Module\Hades-Module.vcxproj", "{614435B3-BC1A-4C47-AA58-E0BAA8E1BF52}"
EndProject
Project("{8BC9CEB8-8B4A-11D0-8D11-00A0C91BC942}") = "Hades-Region", "Hades-Region\Hades-Region.vcxproj", "{B9B96C10-B837-4309-BDA5-EE57631CA2AF}"
EndProject
Project("{8BC9CEB8-8B4A-11D0-8D11-00A0C91BC942}") = "Hades-Scanner", "Hades-Scanner\Hades-Scanner.vcxproj", "{4CDD2D61-77DD-412E-9B02-4742472E7D83}"
EndProject
Project("{8BC9CEB8-8B4A-11D0-8D11-00A0C91BC942}") = "Hades-PeLib", "Hades-PeLib\Hades-PeLib.vcxproj", "{046E1953-47DF-4614-9314-147E82CDCA8A}"
EndProject
Project("{8BC9CEB8-8B4A-11D0-8D11-00A0C91BC942}") = "Hades-MemoryMgr", "Hades-MemoryMgr\Hades-MemoryMgr.vcxproj", "{CB1E45FB-DBCD-4826-A0C5-F8A6C0CBDB01}"
EndProject
Global
	GlobalSection(SolutionConfigurationPlatforms) = preSolution
		Debug_MBCS_Static|Win32 = Debug_MBCS_Static|Win32
		Debug_MBCS_Static|x64 = Debug_MBCS_Static|x64
		Debug_MBCS|Win32 = Debug_MBCS|Win32
		Debug_MBCS|x64 = Debug_MBCS|x64
		Debug_Static|Win32 = Debug_Static|Win32
		Debug_Static|x64 = Debug_Static|x64
		Debug|Win32 = Debug|Win32
		Debug|x64 = Debug|x64
		Release_MBCS_Static|Win32 = Release_MBCS_Static|Win32
		Release_MBCS_Static|x64 = Release_MBCS_Static|x64
		Release_MBCS|Win32 = Release_MBCS|Win32
		Release_MBCS|x64 = Release_MBCS|x64
		Release_Static|Win32 = Release_Static|Win32
		Release_Static|x64 = Release_Static|x64
		Release|Win32 = Release|Win32
		Release|x64 = Release|x64
	EndGlobalSection
	GlobalSection(ProjectConfigurationPlatforms) = postSolution
		{81CED3BF-CE82-433D-9937-76504BDCA0A5}.Debug_MBCS_Static|Win32.ActiveCfg = Debug_MBCS_Static|Win32
		{81CED3BF-CE82-433D-9937-76504BDCA0A5}.Debug_MBCS_Static|Win32.Build.0 = Debug_MBCS_Static|Win32
		{81CED3BF-CE82-433D-9937-76504BDCA0A5}.Debug_MBCS_Static|x64.ActiveCfg = Debug_MBCS_Static|x64
		{81CED3BF-CE82-433D-9937-76504BDCA0A5}.Debug_MBCS_Static|x64.Build.0 = Debug_MBCS_Static|x64
		{81CED3BF-CE82-433D-9937-76504BDCA0A5}.Debug_MBCS|Win32.ActiveCfg = Debug_MBCS|Win32
		{81CED3BF-CE82-433D-9937-76504BDCA0A5}.Debug_MBCS|Win32.Build.0 = Debug_MBCS|Win32
		{81CED3BF-CE82-433D-9937-76504BDCA0A5}.Debug_MBCS|x64.ActiveCfg = Debug_MBCS|x64
		{81CED3BF-CE82-433D-9937-76504BDCA0A5}.Debug_MBCS|x64.Build.0 = Debug_MBCS|x64
		{81CED3BF-CE82-433D-9937-76504BDCA0A5}.Debug_Static|Win32.ActiveCfg = Debug_Static|Win32
		{81CED3BF-CE82-433D-9937-76504BDCA0A5}.Debug_Static|Win32.Build.0 = Debug_Static|Win32
		{81CED3BF-CE82-433D-9937-76504BDCA0A5}.Debug_Static|x64.ActiveCfg = Debug_Static|x64
		{81CED3BF-CE82-433D-9937-76504BDCA0A5}.Debug_Static|x64.Build.0 = Debug_Static|x64
		{81CED3BF-CE82-433D-9937-76504BDCA0A5}.Debug|Win32.ActiveCfg = Debug|Win32
		{81CED3BF-CE82-433D-9937-76504BDCA0A5}.Debug|Win32.Build.0 = Debug|Win32
		{81CED3BF-CE82-433D-9937-76504BDCA0A5}.Debug|x64.ActiveCfg = Debug|x64
		{81CED3BF-CE82-433D-9937-76504BDCA0A5}.Debug|x64.Build.0 = Debug|x64
		{81CED3BF-CE82-433D-9937-76504BDCA0A5}.Release_MBCS_Static|Win32.ActiveCfg = Release_MBCS_Static|Win32
		{81CED3BF-CE82-433D-9937-76504BDCA0A5}.Release_MBCS_Static|Win32.Build.0 = Release_MBCS_Static|Win32
		{81CED3BF-CE82-433D-9937-76504BDCA0A5}.Release_MBCS_Static|x64.ActiveCfg = Release_MBCS_Static|x64
		{81CED3BF-CE82-433D-9937-76504BDCA0A5}.Release_MBCS_Static|x64.Build.0 = Release_MBCS_Static|x64
		{81CED3BF-CE82-433D-9937-76504BDCA0A5}.Release_MBCS|Win32.ActiveCfg = Release_MBCS|Win32
		{81CED3BF-CE82-433D-9937-76504BDCA0A5}.Release_MBCS|Win32.Build.0 = Release_MBCS|Win32
		{81CED3BF-CE82-433D-9937-76504BDCA0A5}.Release_MBCS|x64.ActiveCfg = Release_MBCS|x64
		{81CED3BF-CE82-433D-9937-76504BDCA0A5}.Release_MBCS|x64.Build.0 = Release_MBCS|x64
		{81CED3BF-CE82-433D-9937-76504BDCA0A5}.Release_Static|Win32.ActiveCfg = Release_Static|Win32
		{81CED3BF-CE82-433D-9937-76504BDCA0A5}.Release_Static|Win32.Build.0 = Release_Static|Win32
		{81CED3BF-CE82-433D-9937-76504BDCA0A5}.Release_Static|x64.ActiveCfg = Release_Static|x64
		{81CED3BF-CE82-433D-9937-76504BDCA0A5}.Release_Static|x64.Build.0 = Release_Static|x64
		{81CED3BF-CE82-433D-9937-76504BDCA0A5}.Release|Win32.ActiveCfg = Release|Win32
		{81CED3BF-CE82-433D-9937-76504BDCA0A5}.Release|Win32.Build.0 = Release|Win32
		{81CED3BF-CE82-433D-9937-76504BDCA0A5}.Release|x64.ActiveCfg = Release|x64
		{81CED3BF-CE82-433D-9937-76504BDCA0A5}.Release|x64.Build.0 = Release|x64
		{13047403-92F6-451A-84A4-93BE8ACC007F}.Debug_MBCS_Static|Win32.ActiveCfg = Debug_MBCS_Static|Win32
		{13047403-92F6-451A-84A4-93BE8ACC007F}.Debug_MBCS_Static|Win32.Build.0 = Debug_MBCS_Static|Win32
		{13047403-92F6-451A-84A4-93BE8ACC007F}.Debug_MBCS_Static|x64.ActiveCfg = Debug_MBCS_Static|x64
		{13047403-92F6-451A-84A4-93BE8ACC007F}.Debug_MBCS_Static|x64.Build.0 = Debug_MBCS_Static|x64
		{13047403-92F6-451A-84A4-93BE8ACC007F}.Debug_MBCS|Win32.ActiveCfg = Debug_MBCS|Win32
		{13047403-92F6-451A-84A4-93BE8ACC007F}.Debug_MBCS|Win32.Build.0 = Debug_MBCS|Win32
		{13047403-92F6-451A-84A4-93BE8ACC007F}.Debug_MBCS|x64.ActiveCfg = Debug_MBCS|x64
		{13047403-92F6-451A-84A4-93BE8ACC007F}.Debug_MBCS|x64.Build.0 = Debug_MBCS|x64
		{13047403-92F6-451A-84A4-93BE8ACC007F}.Debug_Static|Win32.ActiveCfg = Debug_Static|Win32
		{13047403-92F6-451A-84A4-93BE8ACC007F}.Debug_Static|Win32.Build.0 = Debug_Static|Win32
		{13047403-92F6-451A-84A4-93BE8ACC007F}.Debug_Static|x64.ActiveCfg = Debug_Static|x64
		{13047403-92F6-451A-84A4-93BE8ACC007F}.Debug_Static|x64.Build.0 = Debug_Static|x64
		{13047403-92F6-451A-84A4-93BE8ACC007F}.Debug|Win32.ActiveCfg = Debug|Win32
		{13047403-92F6-451A-84A4-93BE8ACC007F}.Debug|Win32.Build.0 = Debug|Win32
		{13047403-92F6-451A-84A4-93BE8ACC007F}.Debug|x64.ActiveCfg = Debug|x64
		{13047403-92F6-451A-84A4-93BE8ACC007F}.Debug|x64.Build.0 = Debug|x64
		{13047403-92F6-451A-84A4-93BE8ACC007F}.Release_MBCS_Static|Win32.ActiveCfg = Release_MBCS_Static|Win32
		{13047403-92F6-451A-84A4-93BE8ACC007F}.Release_MBCS_Static|Win32.Build.0 = Release_MBCS_Static|Win32
		{13047403-92F6-451A-84A4-93BE8ACC007F}.Release_MBCS_Static|x64.ActiveCfg = Release_MBCS_Static|x64
		{13047403-92F6-451A-84A4-93BE8ACC007F}.Release_MBCS_Static|x64.Build.0 = Release_MBCS_Static|x64
		{13047403-92F6-451A-84A4-93BE8ACC007F}.Release_MBCS|Win32.ActiveCfg = Release_MBCS|Win32
		{13047403-92F6-451A-84A4-93BE8ACC007F}.Release_MBCS|Win32.Build.0 = Release_MBCS|Win32
		{13047403-92F6-451A-84A4-93BE8ACC007F}.Release_MBCS|x64.ActiveCfg = Release_MBCS|x64
		{13047403-92F6-451A-84A4-93BE8ACC007F}.Release_MBCS|x64.Build.0 = Release_MBCS|x64
		{13047403-92F6-451A-84A4-93BE8ACC007F}.Release_Static|Win32.ActiveCfg = Release_Static|Win32
		{13047403-92F6-451A-84A4-93BE8ACC007F}.Release_Static|Win32.Build.0 = Release_Static|Win32
		{13047403-92F6-451A-84A4-93BE8ACC007F}.Release_Static|x64.ActiveCfg = Release_Static|x64
		{13047403-92F6-451A-84A4-93BE8ACC007F}.Release_Static|x64.Build.0 = Release_Static|x64
		{13047403-92F6-451A-84A4-93BE8ACC007F}.Release|Win32.ActiveCfg = Release|Win32
		{13047403-92F6-451A-84A4-93BE8ACC007F}.Release|Win32.Build.0 = Release|Win32
		{13047403-92F6-451A-84A4-93BE8ACC007F}.Release|x64.ActiveCfg = Release|x64
		{13047403-92F6-451A-84A4-93BE8ACC007F}.Release|x64.Build.0 = Release|x64
		{E395F341-D76B-422A-A40B-D93EA3AAAB2E}.Debug_MBCS_Static|Win32.ActiveCfg = Debug_MBCS_Static|Win32
		{E395F341-D76B-422A-A40B-D93EA3AAAB2E}.Debug_MBCS_Static|Win32.Build.0 = Debug_MBCS_Static|Win32
		{E395F341-D76B-422A-A40B-D93EA3AAAB2E}.Debug_MBCS_Static|x64.ActiveCfg = Debug_MBCS_Static|x64
		{E395F341-D76B-422A-A40B-D93EA3AAAB2E}.Debug_MBCS_Static|x64.Build.0 = Debug_MBCS_Static|x64
		{E395F341-D76B-422A-A40B-D93EA3AAAB2E}.Debug_MBCS|Win32.ActiveCfg = Debug_MBCS|Win32
		{E395F341-D76B-422A-A40B-D93EA3AAAB2E}.Debug_MBCS|Win32.Build.0 = Debug_MBCS|Win32
		{E395F341-D76B-422A-A40B-D93EA3AAAB2E}.Debug_MBCS|x64.ActiveCfg = Debug_MBCS|x64
		{E395F341-D76B-422A-A40B-D93EA3AAAB2E}.Debug_MBCS|x64.Build.0 = Debug_MBCS|x64
		{E395F341-D76B-422A-A40B-D93EA3AAAB2E}.Debug_Static|Win32.ActiveCfg = Debug_Static|Win32
		{E395F341-D76B-422A-A40B-D93EA3AAAB2E}.Debug_Static|Win32.Build.0 = Debug_Static|Win32
		{E395F341-D76B-422A-A40B-D93EA3AAAB2E}.Debug_Static|x64.ActiveCfg = Debug_Static|x64
		{E395F341-D76B-422A-A40B-D93EA3AAAB2E}.Debug_Static|x64.Build.0 = Debug_Static|x64
		{E395F341-D76B-422A-A40B-D93EA3AAAB2E}.Debug|Win32.ActiveCfg = Debug|Win32
		{E395F341-D76B-422A-A40B-D93EA3AAAB2E}.Debug|Win32.Build.0 = Debug|Win32
		{E395F341-D76B-422A-A40B-D93EA3AAAB2E}.Debug|x64.ActiveCfg = Debug|x64
		{E395F341-D76B-422A-A40B-D93EA3AAAB2E}.Debug|x64.Build.0 = Debug|x64
		{E395F341-D76B-422A-A40B-D93EA3AAAB2E}.Release_MBCS_Static|Win32.ActiveCfg = Release_MBCS_Static|Win32
		{E395F341-D76B-422A-A40B-D93EA3AAAB2E}.Release_MBCS_Static|Win32.Build.0 = Release_MBCS_Static|Win32
		{E395F341-D76B-422A-A40B-D93EA3AAAB2E}.Release_MBCS_Static|x64.ActiveCfg = Release_MBCS_Static|x64
		{E395F341-D76B-422A-A40B-D93EA3AAAB2E}.Release_MBCS_Static|x64.Build.0 = Release_MBCS_Static|x64
		{E395F341-D76B-422A-A40B-D93EA3AAAB2E}.Release_MBCS|Win32.ActiveCfg = Release_MBCS|Win32
		{E395F341-D76B-422A-A40B-D93EA3AAAB2E}.Release_MBCS|Win32.Build.0 = Release_MBCS|Win32
		{E395F341-D76B-422A-A40B-D93EA3AAAB2E}.Release_MBCS|x64.ActiveCfg = Release_MBCS|x64
		{E395F341-D76B-422A-A40B-D93EA3AAAB2E}.Release_MBCS|x64.Build.0 = Release_MBCS|x64
		{E395F341-D76B-422A-A40B-D93EA3AAAB2E}.Release_Static|Win32.ActiveCfg = Release_Static|Win32
		{E395F341-D76B-422A-A40B-D93EA3AAAB2E}.Release_Static|Win32.Build.0 = Release_Static|Win32
		{E395F341-D76B-422A-A40B-D93EA3AAAB2E}.Release_Static|x64.ActiveCfg = Release_Static|x64
		{E395F341-D76B-422A-A40B-D93EA3AAAB2E}.Release_Static|x64.Build.0 = Release_Static|x64
		{E395F341-D76B-422A-A40B-D93EA3AAAB2E}.Release|Win32.ActiveCfg = Release|Win32
		{E395F341-D76B-422A-A40B-D93EA3AAAB2E}.Release|Win32.Build.0 = Release|Win32
		{E395F341-D76B-422A-A40B-D93EA3AAAB2E}.Release|x64.ActiveCfg = Release|x64
		{E395F341-D76B-422A-A40B-D93EA3AAAB2E}.Release|x64.Build.0 = Release|x64
		{9DF3FE04-DDFD-4576-950D-495077DED4FC}.Debug_MBCS_Static|Win32.ActiveCfg = Debug_MBCS_Static|Win32
		{9DF3FE04-DDFD-4576-950D-495077DED4FC}.Debug_MBCS_Static|Win32.Build.0 = Debug_MBCS_Static|Win32
		{9DF3FE04-DDFD-4576-950D-495077DED4FC}.Debug_MBCS_Static|x64.ActiveCfg = Debug_MBCS_Static|x64
		{9DF3FE04-DDFD-4576-950D-495077DED4FC}.Debug_MBCS_Static|x64.Build.0 = Debug_MBCS_Static|x64
		{9DF3FE04-DDFD-4576-950D-495077DED4FC}.Debug_MBCS|Win32.ActiveCfg = Debug_MBCS|Win32
		{9DF3FE04-DDFD-4576-950D-495077DED4FC}.Debug_MBCS|Win32.Build.0 = Debug_MBCS|Win32
		{9DF3FE04-DDFD-4576-950D-495077DED4FC}.Debug_MBCS|x64.ActiveCfg = Debug_MBCS|x64
		{9DF3FE04-DDFD-4576-950D-495077DED4FC}.Debug_MBCS|x64.Build.0 = Debug_MBCS|x64
		{9DF3FE04-DDFD-4576-950D-495077DED4FC}.Debug_Static|Win32.ActiveCfg = Debug_Static|Win32
		{9DF3FE04-DDFD-4576-950D-495077DED4FC}.Debug_Static|Win32.Build.0 = Debug_Static|Win32
		{9DF3FE04-DDFD-4576-950D-495077DED4FC}.Debug_Static|x64.ActiveCfg = Debug_Static|x64
		{9DF3FE04-DDFD-4576-950D-495077DED4FC}.Debug_Static|x64.Build.0 = Debug_Static|x64
		{9DF3FE04-DDFD-4576-950D-495077DED4FC}.Debug|Win32.ActiveCfg = Debug|Win32
		{9DF3FE04-DDFD-4576-950D-495077DED4FC}.Debug|Win32.Build.0 = Debug|Win32
		{9DF3FE04-DDFD-4576-950D-495077DED4FC}.Debug|x64.ActiveCfg = Debug|x64
		{9DF3FE04-DDFD-4576-950D-495077DED4FC}.Debug|x64.Build.0 = Debug|x64
		{9DF3FE04-DDFD-4576-950D-495077DED4FC}.Release_MBCS_Static|Win32.ActiveCfg = Release_MBCS_Static|Win32
		{9DF3FE04-DDFD-4576-950D-495077DED4FC}.Release_MBCS_Static|Win32.Build.0 = Release_MBCS_Static|Win32
		{9DF3FE04-DDFD-4576-950D-495077DED4FC}.Release_MBCS_Static|x64.ActiveCfg = Release_MBCS_Static|x64
		{9DF3FE04-DDFD-4576-950D-495077DED4FC}.Release_MBCS_Static|x64.Build.0 = Release_MBCS_Static|x64
		{9DF3FE04-DDFD-4576-950D-495077DED4FC}.Release_MBCS|Win32.ActiveCfg = Release_MBCS|Win32
		{9DF3FE04-DDFD-4576-950D-495077DED4FC}.Release_MBCS|Win32.Build.0 = Release_MBCS|Win32
		{9DF3FE04-DDFD-4576-950D-495077DED4FC}.Release_MBCS|x64.ActiveCfg = Release_MBCS|x64
		{9DF3FE04-DDFD-4576-950D-495077DED4FC}.Release_MBCS|x64.Build.0 = Release_MBCS|x64
		{9DF3FE04-DDFD-4576-950D-495077DED4FC}.Release_Static|Win32.ActiveCfg = Release_Static|Win32
		{9DF3FE04-DDFD-4576-950D-495077DED4FC}.Release_Static|Win32.Build.0 = Release_Static|Win32
		{9DF3FE04-DDFD-4576-950D-495077DED4FC}.Release_Static|x64.ActiveCfg = Release_Static|x64
		{9DF3FE04-DDFD-4576-950D-495077DED4FC}.Release_Static|x64.Build.0 = Release_Static|x64
		{9DF3FE04-DDFD-4576-950D-495077DED4FC}.Release|Win32.ActiveCfg = Release|Win32
		{9DF3FE04-DDFD-4576-950D-495077DED4FC}.Release|Win32.Build.0 = Release|Win32
		{9DF3FE04-DDFD-4576-950D-495077DED4FC}.Release|x64.ActiveCfg = Release|x64
		{9DF3FE04-DDFD-4576-950D-495077DED4FC}.Release|x64.Build.0 = Release|x64
		{614435B3-BC1A-4C47-AA58-E0BAA8E1BF52}.Debug_MBCS_Static|Win32.ActiveCfg = Debug_MBCS_Static|Win32
		{614435B3-BC1A-4C47-AA58-E0BAA8E1BF52}.Debug_MBCS_Static|Win32.Build.0 = Debug_MBCS_Static|Win32
		{614435B3-BC1A-4C47-AA58-E0BAA8E1BF52}.Debug_MBCS_Static|x64.ActiveCfg = Debug_MBCS_Static|x64
		{614435B3-BC1A-4C47-AA58-E0BAA8E1BF52}.Debug_MBCS_Static|x64.Build.0 = Debug_MBCS_Static|x64
		{614435B3-BC1A-4C47-AA58-E0BAA8E1BF52}.Debug_MBCS|Win32.ActiveCfg = Debug_MBCS|Win32
		{614435B3-BC1A-4C47-AA58-E0BAA8E1BF52}.Debug_MBCS|Win32.Build.0 = Debug_MBCS|Win32
		{614435B3-BC1A-4C47-AA58-E0BAA8E1BF52}.Debug_MBCS|x64.ActiveCfg = Debug_MBCS|x64
		{614435B3-BC1A-4C47-AA58-E0BAA8E1BF52}.Debug_MBCS|x64.Build.0 = Debug_MBCS|x64
		{614435B3-BC1A-4C47-AA58-E0BAA8E1BF52}.Debug_Static|Win32.ActiveCfg = Debug_Static|Win32
		{614435B3-BC1A-4C47-AA58-E0BAA8E1BF52}.Debug_Static|Win32.Build.0 = Debug_Static|Win32
		{614435B3-BC1A-4C47-AA58-E0BAA8E1BF52}.Debug_Static|x64.ActiveCfg = Debug_Static|x64
		{614435B3-BC1A-4C47-AA58-E0BAA8E1BF52}.Debug_Static|x64.Build.0 = Debug_Static|x64
		{614435B3-BC1A-4C47-AA58-E0BAA8E1BF52}.Debug|Win32.ActiveCfg = Debug|Win32
		{614435B3-BC1A-4C47-AA58-E0BAA8E1BF52}.Debug|Win32.Build.0 = Debug|Win32
		{614435B3-BC1A-4C47-AA58-E0BAA8E1BF52}.Debug|x64.ActiveCfg = Debug|x64
		{614435B3-BC1A-4C47-AA58-E0BAA8E1BF52}.Debug|x64.Build.0 = Debug|x64
		{614435B3-BC1A-4C47-AA58-E0BAA8E1BF52}.Release_MBCS_Static|Win32.ActiveCfg = Release_MBCS_Static|Win32
		{614435B3-BC1A-4C47-AA58-E0BAA8E1BF52}.Release_MBCS_Static|Win32.Build.0 = Release_MBCS_Static|Win32
		{614435B3-BC1A-4C47-AA58-E0BAA8E1BF52}.Release_MBCS_Static|x64.ActiveCfg = Release_MBCS_Static|x64
		{614435B3-BC1A-4C47-AA58-E0BAA8E1BF52}.Release_MBCS_Static|x64.Build.0 = Release_MBCS_Static|x64
		{614435B3-BC1A-4C47-AA58-E0BAA8E1BF52}.Release_MBCS|Win32.ActiveCfg = Release_MBCS|Win32
		{614435B3-BC1A-4C47-AA58-E0BAA8E1BF52}.Release_MBCS|Win32.Build.0 = Release_MBCS|Win32
		{614435B3-BC1A-4C47-AA58-E0BAA8E1BF52}.Release_MBCS|x64.ActiveCfg = Release_MBCS|x64
		{614435B3-BC1A-4C47-AA58-E0BAA8E1BF52}.Release_MBCS|x64.Build.0 = Release_MBCS|x64
		{614435B3-BC1A-4C47-AA58-E0BAA8E1BF52}.Release_Static|Win32.ActiveCfg = Release_Static|Win32
		{614435B3-BC1A-4C47-AA58-E0BAA8E1BF52}.Release_Static|Win32.Build.0 = Release_Static|Win32
		{614435B3-BC1A-4C47-AA58-E0BAA8E1BF52}.Release_Static|x64.ActiveCfg = Release_Static|x64
		{614435B3-BC1A-4C47-AA58-E0BAA8E1BF52}.Release_Static|x64.Build.0 = Release_Static|x64
		{614435B3-BC1A-4C47-AA58-E0BAA8E1BF52}.Release|Win32.ActiveCfg = Release|Win32
		{614435B3-BC1A-4C47-AA58-E0BAA8E1BF52}.Release|Win32.Build.0 = Release|Win32
		{614435B3-BC1A-4C47-AA58-E0BAA8E1BF52}.Release|x64.ActiveCfg = Release|x64
		{614435B3-BC1A-4C47-AA58-E0BAA8E1BF52}.Release|x64.Build.0 = Release|x64
		{B9B96C10-B837-4309-BDA5-EE57631CA2AF}.Debug_MBCS_Static|Win32.ActiveCfg = Debug_MBCS_Static|Win32
		{B9B96C10-B837-4309-BDA5-EE57631CA2AF}.Debug_MBCS_Static|Win32.Build.0 = Debug_MBCS_Static|Win32
		{B9B96C10-B837-4309-BDA5-EE57631CA2AF}.Debug_MBCS_Static|x64.ActiveCfg = Debug_MBCS_Static|x64
		{B9B96C10-B837-4309-BDA5-EE57631CA2AF}.Debug_MBCS_Static|x64.Build.0 = Debug_MBCS_Static|x64
		{B9B96C10-B837-4309-BDA5-EE57631CA2AF}.Debug_MBCS|Win32.ActiveCfg = Debug_MBCS|Win32
		{B9B96C10-B837-4309-BDA5-EE57631CA2AF}.Debug_MBCS|Win32.Build.0 = Debug_MBCS|Win32
		{B9B96C10-B837-4309-BDA5-EE57631CA2AF}.Debug_MBCS|x64.ActiveCfg = Debug_MBCS|x64
		{B9B96C10-B837-4309-BDA5-EE57631CA2AF}.Debug_MBCS|x64.Build.0 = Debug_MBCS|x64
		{B9B96C10-B837-4309-BDA5-EE57631CA2AF}.Debug_Static|Win32.ActiveCfg = Debug_Static|Win32
		{B9B96C10-B837-4309-BDA5-EE57631CA2AF}.Debug_Static|Win32.Build.0 = Debug_Static|Win32
		{B9B96C10-B837-4309-BDA5-EE57631CA2AF}.Debug_Static|x64.ActiveCfg = Debug_Static|x64
		{B9B96C10-B837-4309-BDA5-EE57631CA2AF}.Debug_Static|x64.Build.0 = Debug_Static|x64
		{B9B96C10-B837-4309-BDA5-EE57631CA2AF}.Debug|Win32.ActiveCfg = Debug|Win32
		{B9B96C10-B837-4309-BDA5-EE57631CA2AF}.Debug|Win32.Build.0 = Debug|Win32
		{B9B96C10-B837-4309-BDA5-EE57631CA2AF}.Debug|x64.ActiveCfg = Debug|x64
		{B9B96C10-B837-4309-BDA5-EE57631CA2AF}.Debug|x64.Build.0 = Debug|x64
		{B9B96C10-B837-4309-BDA5-EE57631CA2AF}.Release_MBCS_Static|Win32.ActiveCfg = Release_MBCS_Static|Win32
		{B9B96C10-B837-4309-BDA5-EE57631CA2AF}.Release_MBCS_Static|Win32.Build.0 = Release_MBCS_Static|Win32
		{B9B96C10-B837-4309-BDA5-EE57631CA2AF}.Release_MBCS_Static|x64.ActiveCfg = Release_MBCS_Static|x64
		{B9B96C10-B837-4309-BDA5-EE57631CA2AF}.Release_MBCS_Static|x64.Build.0 = Release_MBCS_Static|x64
		{B9B96C10-B837-4309-BDA5-EE57631CA2AF}.Release_MBCS|Win32.ActiveCfg = Release_MBCS|Win32
		{B9B96C10-B837-4309-BDA5-EE57631CA2AF}.Release_MBCS|Win32.Build.0 = Release_MBCS|Win32
		{B9B96C10-B837-4309-BDA5-EE57631CA2AF}.Release_MBCS|x64.ActiveCfg = Release_MBCS|x64
		{B9B96C10-B837-4309-BDA5-EE57631CA2AF}.Release_MBCS|x64.Build.0 = Release_MBCS|x64
		{B9B96C10-B837-4309-BDA5-EE57631CA2AF}.Release_Static|Win32.ActiveCfg = Release_Static|Win32
		{B9B96C10-B837-4309-BDA5-EE57631CA2AF}.Release_Static|Win32.Build.0 = Release_Static|Win32
		{B9B96C10-B837-4309-BDA5-EE57631CA2AF}.Release_Static|x64.ActiveCfg = Release_Static|x64
		{B9B96C10-B837-4309-BDA5-EE57631CA2AF}.Release_Static|x64.Build.0 = Release_Static|x64
		{B9B96C10-B837-4309-BDA5-EE57631CA2AF}.Release|Win32.ActiveCfg = Release|Win32
		{B9B96C10-B837-4309-BDA5-EE57631CA2AF}.Release|Win32.Build.0 = Release|Win32
		{B9B96C10-B837-4309-BDA5-EE57631CA2AF}.Release|x64.ActiveCfg = Release|x64
		{B9B96C10-B837-4309-BDA5-EE57631CA2AF}.Release|x64.Build.0 = Release|x64
		{4CDD2D61-77DD-412E-9B02-4742472E7D83}.Debug_MBCS_Static|Win32.ActiveCfg = Debug_MBCS_Static|Win32
		{4CDD2D61-77DD-412E-9B02-4742472E7D83}.Debug_MBCS_Static|Win32.Build.0 = Debug_MBCS_Static|Win32
		{4CDD2D61-77DD-412E-9B02-4742472E7D83}.Debug_MBCS_Static|x64.ActiveCfg = Debug_MBCS_Static|x64
		{4CDD2D61-77DD-412E-9B02-4742472E7D83}.Debug_MBCS_Static|x64.Build.0 = Debug_MBCS_Static|x64
		{4CDD2D61-77DD-412E-9B02-4742472E7D83}.Debug_MBCS|Win32.ActiveCfg = Debug_MBCS|Win32
		{4CDD2D61-77DD-412E-9B02-4742472E7D83}.Debug_MBCS|Win32.Build.0 = Debug_MBCS|Win32
		{4CDD2D61-77DD-412E-9B02-4742472E7D83}.Debug_MBCS|x64.ActiveCfg = Debug_MBCS|x64
		{4CDD2D61-77DD-412E-9B02-4742472E7D83}.Debug_MBCS|x64.Build.0 = Debug_MBCS|x64
		{4CDD2D61-77DD-412E-9B02-4742472E7D83}.Debug_Static|Win32.ActiveCfg = Debug_Static|Win32
		{4CDD2D61-77DD-412E-9B02-4742472E7D83}.Debug_Static|Win32.Build.0 = Debug_Static|Win32
		{4CDD2D61-77DD-412E-9B02-4742472E7D83}.Debug_Static|x64.ActiveCfg = Debug_Static|x64
		{4CDD2D61-77DD-412E-9B02-4742472E7D83}.Debug_Static|x64.Build.0 = Debug_Static|x64
		{4CDD2D61-77DD-412E-9B02-4742472E7D83}.Debug|Win32.ActiveCfg = Debug|Win32
		{4CDD2D61-77DD-412E-9B02-4742472E7D83}.Debug|Win32.Build.0 = Debug|Win32
		{4CDD2D61-77DD-412E-9B02-4742472E7D83}.Debug|x64.ActiveCfg = Debug|x64
		{4CDD2D61-77DD-412E-9B02-4742472E7D83}.Debug|x64.Build.0 = Debug|x64
		{4CDD2D61-77DD-412E-9B02-4742472E7D83}.Release_MBCS_Static|Win32.ActiveCfg = Release_MBCS_Static|Win32
		{4CDD2D61-77DD-412E-9B02-4742472E7D83}.Release_MBCS_Static|Win32.Build.0 = Release_MBCS_Static|Win32
		{4CDD2D61-77DD-412E-9B02-4742472E7D83}.Release_MBCS_Static|x64.ActiveCfg = Release_MBCS_Static|x64
		{4CDD2D61-77DD-412E-9B02-4742472E7D83}.Release_MBCS_Static|x64.Build.0 = Release_MBCS_Static|x64
		{4CDD2D61-77DD-412E-9B02-4742472E7D83}.Release_MBCS|Win32.ActiveCfg = Release_MBCS|Win32
		{4CDD2D61-77DD-412E-9B02-4742472E7D83}.Release_MBCS|Win32.Build.0 = Release_MBCS|Win32
		{4CDD2D61-77DD-412E-9B02-4742472E7D83}.Release_MBCS|x64.ActiveCfg = Release_MBCS|x64
		{4CDD2D61-77DD-412E-9B02-4742472E7D83}.Release_MBCS|x64.Build.0 = Release_MBCS|x64
		{4CDD2D61-77DD-412E-9B02-4742472E7D83}.Release_Static|Win32.ActiveCfg = Release_Static|Win32
		{4CDD2D61-77DD-412E-9B02-4742472E7D83}.Release_Static|Win32.Build.0 = Release_Static|Win32
		{4CDD2D61-77DD-412E-9B02-4742472E7D83}.Release_Static|x64.ActiveCfg = Release_Static|x64
		{4CDD2D61-77DD-412E-9B02-4742472E7D83}.Release_Static|x64.Build.0 = Release_Static|x64
		{4CDD2D61-77DD-412E-9B02-4742472E7D83}.Release|Win32.ActiveCfg = Release|Win32
		{4CDD2D61-77DD-412E-9B02-4742472E7D83}.Release|Win32.Build.0 = Release|Win32
		{4CDD2D61-77DD-412E-9B02-4742472E7D83}.Release|x64.ActiveCfg = Release|x64
		{4CDD2D61-77DD-412E-9B02-4742472E7D83}.Release|x64.Build.0 = Release|x64
		{046E1953-47DF-4614-9314-147E82CDCA8A}.Debug_MBCS_Static|Win32.ActiveCfg = Debug_MBCS_Static|Win32
		{046E1953-47DF-4614-9314-147E82CDCA8A}.Debug_MBCS_Static|Win32.Build.0 = Debug_MBCS_Static|Win32
		{046E1953-47DF-4614-9314-147E82CDCA8A}.Debug_MBCS_Static|x64.ActiveCfg = Debug_MBCS_Static|x64
		{046E1953-47DF-4614-9314-147E82CDCA8A}.Debug_MBCS_Static|x64.Build.0 = Debug_MBCS_Static|x64
		{046E1953-47DF-4614-9314-147E82CDCA8A}.Debug_MBCS|Win32.ActiveCfg = Debug_MBCS|Win32
		{046E1953-47DF-4614-9314-147E82CDCA8A}.Debug_MBCS|Win32.Build.0 = Debug_MBCS|Win32
		{046E1953-47DF-4614-9314-147E82CDCA8A}.Debug_MBCS|x64.ActiveCfg = Debug_MBCS|x64
		{046E1953-47DF-4614-9314-147E82CDCA8A}.Debug_MBCS|x64.Build.0 = Debug_MBCS|x64
		{046E1953-47DF-4614-9314-147E82CDCA8A}.Debug_Static|Win32.ActiveCfg = Debug_Static|Win32
		{046E1953-47DF-4614-9314-147E82CDCA8A}.Debug_Static|Win32.Build.0 = Debug_Static|Win32
		{046E1953-47DF-4614-9314-147E82CDCA8A}.Debug_Static|x64.ActiveCfg = Debug_Static|x64
		{046E1953-47DF-4614-9314-147E82CDCA8A}.Debug_Static|x64.Build.0 = Debug_Static|x64
		{046E1953-47DF-4614-9314-147E82CDCA8A}.Debug|Win32.ActiveCfg = Debug|Win32
		{046E1953-47DF-4614-9314-147E82CDCA8A}.Debug|Win32.Build.0 = Debug|Win32
		{046E1953-47DF-4614-9314-147E82CDCA8A}.Debug|x64.ActiveCfg = Debug|x64
		{046E1953-47DF-4614-9314-147E82CDCA8A}.Debug|x64.Build.0 = Debug|x64
		{046E1953-47DF-4614-9314-147E82CDCA8A}.Release_MBCS_Static|Win32.ActiveCfg = Release_MBCS_Static|Win32
		{046E1953-47DF-4614-9314-147E82CDCA8A}.Release_MBCS_Static|Win32.Build.0 = Release_MBCS_Static|Win32
		{046E1953-47DF-4614-9314-147E82CDCA8A}.Release_MBCS_Static|x64.ActiveCfg = Release_MBCS_Static|x64
		{046E1953-47DF-4614-9314-147E82CDCA8A}.Release_MBCS_Static|x64.Build.0 = Release_MBCS_Static|x64
		{046E1953-47DF-4614-9314-147E82CDCA8A}.Release_MBCS|Win32.ActiveCfg = Release_MBCS|Win32
		{046E1953-47DF-4614-9314-147E82CDCA8A}.Release_MBCS|Win32.Build.0 = Release_MBCS|Win32
		{046E1953-47DF-4614-9314-147E82CDCA8A}.Release_MBCS|x64.ActiveCfg = Release_MBCS|x64
		{046E1953-47DF-4614-9314-147E82CDCA8A}.Release_MBCS|x64.Build.0 = Release_MBCS|x64
		{046E1953-47DF-4614-9314-147E82CDCA8A}.Release_Static|Win32.ActiveCfg = Release_Static|Win32
		{046E1953-47DF-4614-9314-147E82CDCA8A}.Release_Static|Win32.Build.0 = Release_Static|Win32
		{046E1953-47DF-4614-9314-147E82CDCA8A}.Release_Static|x64.ActiveCfg = Release_Static|x64
		{046E1953-47DF-4614-9314-147E82CDCA8A}.Release_Static|x64.Build.0 = Release_Static|x64
		{046E1953-47DF-4614-9314-147E82CDCA8A}.Release|Win32.ActiveCfg = Release|Win32
		{046E1953-47DF-4614-9314-147E82CDCA8A}.Release|Win32.Build.0 = Release|Win32
		{046E1953-47DF-4614-9314-147E82CDCA8A}.Release|x64.ActiveCfg = Release|x64
		{046E1953-47DF-4614-9314-147E82CDCA8A}.Release|x64.Build.0 = Release|x64
		{CB1E45FB-DBCD-4826-A0C5-F8A6C0CBDB01}.Debug_MBCS_Static|Win32.ActiveCfg = Debug_MBCS_Static|Win32
		{CB1E45FB-DBCD-4826-A0C5-F8A6C0CBDB01}.Debug_MBCS_Static|Win32.Build.0 = Debug_MBCS_Static|Win32
		{CB1E45FB-DBCD-4826-A0C5-F8A6C0CBDB01}.Debug_MBCS_Static|x64.ActiveCfg = Debug_MBCS_Static|x64
		{CB1E45FB-DBCD-4826-A0C5-F8A6C0CBDB01}.Debug_MBCS_Static|x64.Build.0 = Debug_MBCS_Static|x64
		{CB1E45FB-DBCD-4826-A0C5-F8A6C0CBDB01}.Debug_MBCS|Win32.ActiveCfg = Debug_MBCS|Win32
		{CB1E45FB-DBCD-4826-A0C5-F8A6C0CBDB01}.Debug_MBCS|Win32.Build.0 = Debug_MBCS|Win32
		{CB1E45FB-DBCD-4826-A0C5-F8A6C0CBDB01}.Debug_MBCS|x64.ActiveCfg = Debug_MBCS|x64
		{CB1E45FB-DBCD-4826-A0C5-F8A6C0CBDB01}.Debug_MBCS|x64.Build.0 = Debug_MBCS|x64
		{CB1E45FB-DBCD-4826-A0C5-F8A6C0CBDB01}.Debug_Static|Win32.ActiveCfg = Debug_Static|Win32
		{CB1E45FB-DBCD-4826-A0C5-F8A6C0CBDB01}.Debug_Static|Win32.Build.0 = Debug_Static|Win32
		{CB1E45FB-DBCD-4826-A0C5-F8A6C0CBDB01}.Debug_Static|x64.ActiveCfg = Debug_Static|x64
		{CB1E45FB-DBCD-4826-A0C5-F8A6C0CBDB01}.Debug_Static|x64.Build.0 = Debug_Static|x64
		{CB1E45FB-DBCD-4826-A0C5-F8A6C0CBDB01}.Debug|Win32.ActiveCfg = Debug|Win32
		{CB1E45FB-DBCD-4826-A0C5-F8A6C0CBDB01}.Debug|Win32.Build.0 = Debug|Win32
		{CB1E45FB-DBCD-4826-A0C5-F8A6C0CBDB01}.Debug|x64.ActiveCfg = Debug|x64
		{CB1E45FB-DBCD-4826-A0C5-F8A6C0CBDB01}.Debug|x64.Build.0 = Debug|x64
		{CB1E45FB-DBCD-4826-A0C5-F8A6C0CBDB01}.Release_MBCS_Static|Win32.ActiveCfg = Release_MBCS_Static|Win32
		{CB1E45FB-DBCD-4826-A0C5-F8A6C0CBDB01}.Release_MBCS_Static|Win32.Build.0 = Release_MBCS_Static|Win32
		{CB1E45FB-DBCD-4826-A0C5-F8A6C0CBDB01}.Release_MBCS_Static|x64.ActiveCfg = Release_MBCS_Static|x64
		{CB1E45FB-DBCD-4826-A0C5-F8A6C0CBDB01}.Release_MBCS_Static|x64.Build.0 = Release_MBCS_Static|x64
		{CB1E45FB-DBCD-4826-A0C5-F8A6C0CBDB01}.Release_MBCS|Win32.ActiveCfg = Release_MBCS|Win32
		{CB1E45FB-DBCD-4826-A0C5-F8A6C0CBDB01}.Release_MBCS|Win32.Build.0 = Release_MBCS|Win32
		{CB1E45FB-DBCD-4826-A0C5-F8A6C0CBDB01}.Release_MBCS|x64.ActiveCfg = Release_MBCS|x64
		{CB1E45FB-DBCD-4826-A0C5-F8A6C0CBDB01}.Release_MBCS|x64.Build.0 = Release_MBCS|x64
		{CB1E45FB-DBCD-4826-A0C5-F8A6C0CBDB01}.Release_Static|Win32.ActiveCfg = Release_Static|Win32
		{CB1E45FB-DBCD-4826-A0C5-F8A6C0CBDB01}.Release_Static|Win32.Build.0 = Release_Static|Win32
		{CB1E45FB-DBCD-4826-A0C5-F8A6C0CBDB01}.Release_Static|x64.ActiveCfg = Release_Static|x64
		{CB1E45FB-DBCD-4826-A0C5-F8A6C0CBDB01}.Release_Static|x64.Build.0 = Release_Static|x64
		{CB1E45FB-DBCD-4826-A0C5-F8A6C0CBDB01}.Release|Win32.ActiveCfg = Release|Win32
		{CB1E45FB-DBCD-4826-A0C5-F8A6C0CBDB01}.Release|Win32.Build.0 = Release|Win32
		{CB1E45FB-DBCD-4826-A0C5-F8A6C0CBDB01}.Release|x64.ActiveCfg = Release|x64
		{CB1E45FB-DBCD-4826-A0C5-F8A6C0CBDB01}.Release|x64.Build.0 = Release|x64
	EndGlobalSection
	GlobalSection(SolutionProperties) = preSolution
		HideSolutionNode = FALSE
	EndGlobalSection
EndGlobal
