<?xml version="1.0" encoding="utf-8"?>
<Project ToolsVersion="4.0" xmlns="http://schemas.microsoft.com/developer/msbuild/2003">
  <ItemGroup>
    <Filter Include="Source Files">
      <UniqueIdentifier>{4FC737F1-C7A5-4376-A066-2A32D752A2FF}</UniqueIdentifier>
      <Extensions>cpp;c;cc;cxx;def;odl;idl;hpj;bat;asm;asmx</Extensions>
    </Filter>
    <Filter Include="Header Files">
      <UniqueIdentifier>{93995380-89BD-4b04-88EB-625FBE52EBFB}</UniqueIdentifier>
      <Extensions>h;hpp;hxx;hm;inl;inc;xsd</Extensions>
    </Filter>
    <Filter Include="Resource Files">
      <UniqueIdentifier>{67DA6AB6-F800-4c08-8B7A-83BB121AAD01}</UniqueIdentifier>
      <Extensions>rc;ico;cur;bmp;dlg;rc2;rct;bin;rgs;gif;jpg;jpeg;jpe;resx;tiff;tif;png;wav;mfcribbon-ms</Extensions>
    </Filter>
  </ItemGroup>
  <ItemGroup>
    <ClCompile Include="Scripting.cpp">
      <Filter>Source Files</Filter>
    </ClCompile>
  </ItemGroup>
  <ItemGroup>
    <ClInclude Include="Scripting.h">
      <Filter>Header Files</Filter>
    </ClInclude>
    <ClInclude Include="AutoLink.h">
      <Filter>Header Files</Filter>
    </ClInclude>
    <ClInclude Include="ModuleWrap.h">
      <Filter>Header Files</Filter>
    </ClInclude>
    <ClInclude Include="PeFileWrap.h">
      <Filter>Header Files</Filter>
    </ClInclude>
    <ClInclude Include="RegionWrap.h">
      <Filter>Header Files</Filter>
    </ClInclude>
    <ClInclude Include="ScannerWrap.h">
      <Filter>Header Files</Filter>
    </ClInclude>
    <ClInclude Include="SectionWrap.h">
      <Filter>Header Files</Filter>
    </ClInclude>
    <ClInclude Include="TlsWrap.h">
      <Filter>Header Files</Filter>
    </ClInclude>
    <ClInclude Include="Wrappers.h">
      <Filter>Header Files</Filter>
    </ClInclude>
    <ClInclude Include="DisassemblerWrap.h">
      <Filter>Header Files</Filter>
    </ClInclude>
    <ClInclude Include="ExportWrap.h">
      <Filter>Header Files</Filter>
    </ClInclude>
    <ClInclude Include="InjectorWrap.h">
      <Filter>Header Files</Filter>
    </ClInclude>
    <ClInclude Include="ManualMapWrap.h">
      <Filter>Header Files</Filter>
    </ClInclude>
    <ClInclude Include="MemoryMgrWrap.h">
      <Filter>Header Files</Filter>
    </ClInclude>
  </ItemGroup>
</Project>