<?xml version="1.0" encoding="utf-8"?>
<Project ToolsVersion="4.0" xmlns="http://schemas.microsoft.com/developer/msbuild/2003">
  <ItemGroup>
    <Filter Include="Source Files">
      <UniqueIdentifier>{4FC737F1-C7A5-4376-A066-2A32D752A2FF}</UniqueIdentifier>
      <Extensions>cpp;c;cc;cxx;def;odl;idl;hpj;bat;asm;asmx</Extensions>
    </Filter>
    <Filter Include="Header Files">
      <UniqueIdentifier>{93995380-89BD-4b04-88EB-625FBE52EBFB}</UniqueIdentifier>
      <Extensions>h;hpp;hxx;hm;inl;inc;xsd</Extensions>
    </Filter>
    <Filter Include="Resource Files">
      <UniqueIdentifier>{67DA6AB6-F800-4c08-8B7A-83BB121AAD01}</UniqueIdentifier>
      <Extensions>rc;ico;cur;bmp;dlg;rc2;rct;bin;rgs;gif;jpg;jpeg;jpe;resx;tiff;tif;png;wav;mfcribbon-ms</Extensions>
    </Filter>
    <Filter Include="Header Files\Aux">
      <UniqueIdentifier>{06302c30-6025-470c-85a5-ba28715f8f44}</UniqueIdentifier>
    </Filter>
    <Filter Include="Header Files\Scripting">
      <UniqueIdentifier>{57de000b-ef6d-4d44-a174-7ce3b49f8a02}</UniqueIdentifier>
    </Filter>
    <Filter Include="Header Files\External">
      <UniqueIdentifier>{4c1fbea3-b11a-4ce3-9dd3-90204d38c9fd}</UniqueIdentifier>
    </Filter>
    <Filter Include="Header Files\Internal">
      <UniqueIdentifier>{f5354ef0-883f-4799-9047-3caef0312ea4}</UniqueIdentifier>
    </Filter>
    <Filter Include="Header Files\Scripting\Wrappers">
      <UniqueIdentifier>{5df4394a-3100-4d90-8f3d-2f0f47ccdef8}</UniqueIdentifier>
    </Filter>
    <Filter Include="Header Files\External\PELib">
      <UniqueIdentifier>{a75eed69-0702-4e0e-89da-75edacd4c485}</UniqueIdentifier>
    </Filter>
    <Filter Include="Header Files\Scripting\Wrappers\PELib">
      <UniqueIdentifier>{f57c58cf-8d53-4db6-a6d7-b090d65c22f8}</UniqueIdentifier>
    </Filter>
  </ItemGroup>
  <ItemGroup>
    <ClCompile Include="Placeholder.cpp">
      <Filter>Source Files</Filter>
    </ClCompile>
  </ItemGroup>
  <ItemGroup>
    <ClInclude Include="Memory.h">
      <Filter>Header Files</Filter>
    </ClInclude>
    <ClInclude Include="Error.h">
      <Filter>Header Files\Aux</Filter>
    </ClInclude>
    <ClInclude Include="Types.h">
      <Filter>Header Files\Aux</Filter>
    </ClInclude>
    <ClInclude Include="Scripting.h">
      <Filter>Header Files\Scripting</Filter>
    </ClInclude>
    <ClInclude Include="Disassembler.h">
      <Filter>Header Files\External</Filter>
    </ClInclude>
    <ClInclude Include="Injector.h">
      <Filter>Header Files\External</Filter>
    </ClInclude>
    <ClInclude Include="ManualMap.h">
      <Filter>Header Files\External</Filter>
    </ClInclude>
    <ClInclude Include="MemoryMgr.h">
      <Filter>Header Files\External</Filter>
    </ClInclude>
    <ClInclude Include="Module.h">
      <Filter>Header Files\External</Filter>
    </ClInclude>
    <ClInclude Include="Process.h">
      <Filter>Header Files\External</Filter>
    </ClInclude>
    <ClInclude Include="Region.h">
      <Filter>Header Files\External</Filter>
    </ClInclude>
    <ClInclude Include="Scanner.h">
      <Filter>Header Files\External</Filter>
    </ClInclude>
    <ClInclude Include="Patcher.h">
      <Filter>Header Files\Internal</Filter>
    </ClInclude>
    <ClInclude Include="DosHeader.h">
      <Filter>Header Files\External\PELib</Filter>
    </ClInclude>
    <ClInclude Include="PeFile.h">
      <Filter>Header Files\External\PELib</Filter>
    </ClInclude>
    <ClInclude Include="DisassemblerWrap.h">
      <Filter>Header Files\Scripting\Wrappers</Filter>
    </ClInclude>
    <ClInclude Include="InjectorWrap.h">
      <Filter>Header Files\Scripting\Wrappers</Filter>
    </ClInclude>
    <ClInclude Include="ManualMapWrap.h">
      <Filter>Header Files\Scripting\Wrappers</Filter>
    </ClInclude>
    <ClInclude Include="MemoryMgrWrap.h">
      <Filter>Header Files\Scripting\Wrappers</Filter>
    </ClInclude>
    <ClInclude Include="ModuleWrap.h">
      <Filter>Header Files\Scripting\Wrappers</Filter>
    </ClInclude>
    <ClInclude Include="RegionWrap.h">
      <Filter>Header Files\Scripting\Wrappers</Filter>
    </ClInclude>
    <ClInclude Include="ScannerWrap.h">
      <Filter>Header Files\Scripting\Wrappers</Filter>
    </ClInclude>
    <ClInclude Include="NtHeaders.h">
      <Filter>Header Files\External\PELib</Filter>
    </ClInclude>
    <ClInclude Include="PeFileWrap.h">
      <Filter>Header Files\Scripting\Wrappers\PELib</Filter>
    </ClInclude>
    <ClInclude Include="Section.h">
      <Filter>Header Files\External\PELib</Filter>
    </ClInclude>
    <ClInclude Include="SectionEnum.h">
      <Filter>Header Files\External\PELib</Filter>
    </ClInclude>
  </ItemGroup>
</Project>